
Microsoft Visual Studio Solution File, Format Version 12.00
# Visual Studio Version 17
VisualStudioVersion = 17.0.31903.59
MinimumVisualStudioVersion = 10.0.40219.1
Project("{2150E333-8FDC-42A3-9474-1A3956D46DE8}") = "src", "src", "{BE2B2465-552A-447C-9C96-A60C2E385591}"
EndProject
Project("{FAE04EC0-301F-11D3-BF4B-00C04F79EFBC}") = "CocodriloStore.Web", "src\CocodriloStore.Web\CocodriloStore.Web.csproj", "{5B56FC2F-4480-4C51-9557-85AFD4C05BF1}"
EndProject
Global
	GlobalSection(SolutionConfigurationPlatforms) = preSolution
		Debug|Any CPU = Debug|Any CPU
		Release|Any CPU = Release|Any CPU
	EndGlobalSection
	GlobalSection(SolutionProperties) = preSolution
		HideSolutionNode = FALSE
	EndGlobalSection
	GlobalSection(ProjectConfigurationPlatforms) = postSolution
		{5B56FC2F-4480-4C51-9557-85AFD4C05BF1}.Debug|Any CPU.ActiveCfg = Debug|Any CPU
		{5B56FC2F-4480-4C51-9557-85AFD4C05BF1}.Debug|Any CPU.Build.0 = Debug|Any CPU
		{5B56FC2F-4480-4C51-9557-85AFD4C05BF1}.Release|Any CPU.ActiveCfg = Release|Any CPU
		{5B56FC2F-4480-4C51-9557-85AFD4C05BF1}.Release|Any CPU.Build.0 = Release|Any CPU
	EndGlobalSection
	GlobalSection(NestedProjects) = preSolution
		{5B56FC2F-4480-4C51-9557-85AFD4C05BF1} = {BE2B2465-552A-447C-9C96-A60C2E385591}
	EndGlobalSection
EndGlobal
