
Microsoft Visual Studio Solution File, Format Version 12.00
# Visual Studio Version 17
VisualStudioVersion = 17.0.31903.59
MinimumVisualStudioVersion = 10.0.40219.1
Project("{2150E333-8FDC-42A3-9474-1A3956D46DE8}") = "src", "src", "{DDC2DF2A-21E9-4523-A440-02AF7EB767AC}"
EndProject
Project("{FAE04EC0-301F-11D3-BF4B-00C04F79EFBC}") = "CocodriloStore.Web", "src\CocodriloStore.Web\CocodriloStore.Web.csproj", "{C384019A-293A-46CF-B12C-B7DD5808E8A4}"
EndProject
Project("{FAE04EC0-301F-11D3-BF4B-00C04F79EFBC}") = "CocodriloStore.Api", "src\CocodriloStore.Api\CocodriloStore.Api.csproj", "{C0FC6709-4E72-4E70-8D1D-62560CB32669}"
EndProject
Global
	GlobalSection(SolutionConfigurationPlatforms) = preSolution
		Debug|Any CPU = Debug|Any CPU
		Release|Any CPU = Release|Any CPU
	EndGlobalSection
	GlobalSection(SolutionProperties) = preSolution
		HideSolutionNode = FALSE
	EndGlobalSection
	GlobalSection(ProjectConfigurationPlatforms) = postSolution
		{C384019A-293A-46CF-B12C-B7DD5808E8A4}.Debug|Any CPU.ActiveCfg = Debug|Any CPU
		{C384019A-293A-46CF-B12C-B7DD5808E8A4}.Debug|Any CPU.Build.0 = Debug|Any CPU
		{C384019A-293A-46CF-B12C-B7DD5808E8A4}.Release|Any CPU.ActiveCfg = Release|Any CPU
		{C384019A-293A-46CF-B12C-B7DD5808E8A4}.Release|Any CPU.Build.0 = Release|Any CPU
		{C0FC6709-4E72-4E70-8D1D-62560CB32669}.Debug|Any CPU.ActiveCfg = Debug|Any CPU
		{C0FC6709-4E72-4E70-8D1D-62560CB32669}.Debug|Any CPU.Build.0 = Debug|Any CPU
		{C0FC6709-4E72-4E70-8D1D-62560CB32669}.Release|Any CPU.ActiveCfg = Release|Any CPU
		{C0FC6709-4E72-4E70-8D1D-62560CB32669}.Release|Any CPU.Build.0 = Release|Any CPU
	EndGlobalSection
	GlobalSection(NestedProjects) = preSolution
		{C384019A-293A-46CF-B12C-B7DD5808E8A4} = {DDC2DF2A-21E9-4523-A440-02AF7EB767AC}
		{C0FC6709-4E72-4E70-8D1D-62560CB32669} = {DDC2DF2A-21E9-4523-A440-02AF7EB767AC}
	EndGlobalSection
EndGlobal
